
Microsoft Visual Studio Solution File, Format Version 12.00
# Visual Studio 2013
VisualStudioVersion = 12.0.31101.0
MinimumVisualStudioVersion = 10.0.40219.1
Project("{FAE04EC0-301F-11D3-BF4B-00C04F79EFBC}") = "TreeDisplay", "TreeDisplay\TreeDisplay.csproj", "{3130A3F4-FC7F-4D63-A3CF-2A5B65C662A6}"
EndProject
Project("{FAE04EC0-301F-11D3-BF4B-00C04F79EFBC}") = "FraterniTree", "FraterniTree\FraterniTree.csproj", "{D39BEDA2-B520-4251-AA42-6097365F8BB8}"
EndProject
Project("{2150E333-8FDC-42A3-9474-1A3956D46DE8}") = "XMLSamples", "XMLSamples", "{C28240CE-FC0F-4C7B-A89C-EAA96075B2B4}"
	ProjectSection(SolutionItems) = preProject
		SampleOne.xml = SampleOne.xml
		SampleTwo.xml = SampleTwo.xml
	EndProjectSection
EndProject
Global
	GlobalSection(SolutionConfigurationPlatforms) = preSolution
		Debug|Any CPU = Debug|Any CPU
		Release|Any CPU = Release|Any CPU
	EndGlobalSection
	GlobalSection(ProjectConfigurationPlatforms) = postSolution
		{3130A3F4-FC7F-4D63-A3CF-2A5B65C662A6}.Debug|Any CPU.ActiveCfg = Debug|Any CPU
		{3130A3F4-FC7F-4D63-A3CF-2A5B65C662A6}.Debug|Any CPU.Build.0 = Debug|Any CPU
		{3130A3F4-FC7F-4D63-A3CF-2A5B65C662A6}.Release|Any CPU.ActiveCfg = Release|Any CPU
		{3130A3F4-FC7F-4D63-A3CF-2A5B65C662A6}.Release|Any CPU.Build.0 = Release|Any CPU
		{D39BEDA2-B520-4251-AA42-6097365F8BB8}.Debug|Any CPU.ActiveCfg = Debug|Any CPU
		{D39BEDA2-B520-4251-AA42-6097365F8BB8}.Debug|Any CPU.Build.0 = Debug|Any CPU
		{D39BEDA2-B520-4251-AA42-6097365F8BB8}.Release|Any CPU.ActiveCfg = Release|Any CPU
		{D39BEDA2-B520-4251-AA42-6097365F8BB8}.Release|Any CPU.Build.0 = Release|Any CPU
	EndGlobalSection
	GlobalSection(SolutionProperties) = preSolution
		HideSolutionNode = FALSE
	EndGlobalSection
EndGlobal
